
Microsoft Visual Studio Solution File, Format Version 12.00
# Visual Studio Version 17
VisualStudioVersion = 17.0.31521.260
MinimumVisualStudioVersion = 10.0.40219.1
Project("{FAE04EC0-301F-11D3-BF4B-00C04F79EFBC}") = "kli.Localize.Example", "kli.Localize.Example.csproj", "{6A1584D1-DA81-45ED-ABB1-EA0E3DDAFBBC}"
EndProject
Global
	GlobalSection(SolutionConfigurationPlatforms) = preSolution
		Debug|Any CPU = Debug|Any CPU
		Release|Any CPU = Release|Any CPU
	EndGlobalSection
	GlobalSection(ProjectConfigurationPlatforms) = postSolution
		{6A1584D1-DA81-45ED-ABB1-EA0E3DDAFBBC}.Debug|Any CPU.ActiveCfg = Debug|Any CPU
		{6A1584D1-DA81-45ED-ABB1-EA0E3DDAFBBC}.Debug|Any CPU.Build.0 = Debug|Any CPU
		{6A1584D1-DA81-45ED-ABB1-EA0E3DDAFBBC}.Release|Any CPU.ActiveCfg = Release|Any CPU
		{6A1584D1-DA81-45ED-ABB1-EA0E3DDAFBBC}.Release|Any CPU.Build.0 = Release|Any CPU
	EndGlobalSection
	GlobalSection(SolutionProperties) = preSolution
		HideSolutionNode = FALSE
	EndGlobalSection
	GlobalSection(ExtensibilityGlobals) = postSolution
		SolutionGuid = {C3A91C31-E40E-4E4B-B6B4-6A7B933E4395}
	EndGlobalSection
EndGlobal
